// !$*UTF8*$!
{
	archiveVersion = 1;
	classes = {
	};
	objectVersion = 46;
	objects = {

/* Begin PBXBuildFile section */
		2348F581E95DEDA7D7F75D04 /* Pods_Timer.framework in Frameworks */ = {isa = PBXBuildFile; fileRef = E3E847F59F1D95A4D13DDD32 /* Pods_Timer.framework */; };
		8F41E0DC1CC3D2C6005BD00A /* TimerCell.swift in Sources */ = {isa = PBXBuildFile; fileRef = 8F41E0DB1CC3D2C6005BD00A /* TimerCell.swift */; };
		8F41E0DF1CC40D8E005BD00A /* CoundownViewController.swift in Sources */ = {isa = PBXBuildFile; fileRef = 8F41E0DE1CC40D8E005BD00A /* CoundownViewController.swift */; };
		8FB953B11C861EC400EF95C1 /* AppDelegate.swift in Sources */ = {isa = PBXBuildFile; fileRef = 8FB953B01C861EC400EF95C1 /* AppDelegate.swift */; };
		8FB953B31C861EC400EF95C1 /* StopWatchViewController.swift in Sources */ = {isa = PBXBuildFile; fileRef = 8FB953B21C861EC400EF95C1 /* StopWatchViewController.swift */; };
		8FB953B51C861EC400EF95C1 /* AMRAPViewContoller.swift in Sources */ = {isa = PBXBuildFile; fileRef = 8FB953B41C861EC400EF95C1 /* AMRAPViewContoller.swift */; };
		8FB953B81C861EC400EF95C1 /* Main.storyboard in Resources */ = {isa = PBXBuildFile; fileRef = 8FB953B61C861EC400EF95C1 /* Main.storyboard */; };
		8FB953BA1C861EC400EF95C1 /* Assets.xcassets in Resources */ = {isa = PBXBuildFile; fileRef = 8FB953B91C861EC400EF95C1 /* Assets.xcassets */; };
		8FB953BD1C861EC400EF95C1 /* LaunchScreen.storyboard in Resources */ = {isa = PBXBuildFile; fileRef = 8FB953BB1C861EC400EF95C1 /* LaunchScreen.storyboard */; };
		8FB953C81C861EC400EF95C1 /* TimerTests.swift in Sources */ = {isa = PBXBuildFile; fileRef = 8FB953C71C861EC400EF95C1 /* TimerTests.swift */; };
		8FB953D31C8620D600EF95C1 /* TabataViewController.swift in Sources */ = {isa = PBXBuildFile; fileRef = 8FB953D21C8620D600EF95C1 /* TabataViewController.swift */; };
		8FB953D51C8620F500EF95C1 /* SettingsViewController.swift in Sources */ = {isa = PBXBuildFile; fileRef = 8FB953D41C8620F500EF95C1 /* SettingsViewController.swift */; };
		8FB953DD1C8628EE00EF95C1 /* TimerConfigViewController.swift in Sources */ = {isa = PBXBuildFile; fileRef = 8FB953DC1C8628EE00EF95C1 /* TimerConfigViewController.swift */; };
		8FB953E21C86364C00EF95C1 /* PickerViewController.swift in Sources */ = {isa = PBXBuildFile; fileRef = 8FB953E11C86364C00EF95C1 /* PickerViewController.swift */; };
		8FB954471C87858700EF95C1 /* Utilites.swift in Sources */ = {isa = PBXBuildFile; fileRef = 8FB954461C87858700EF95C1 /* Utilites.swift */; };
		8FB954491C8785A200EF95C1 /* TimePickerView.swift in Sources */ = {isa = PBXBuildFile; fileRef = 8FB954481C8785A200EF95C1 /* TimePickerView.swift */; };
		8FB9544B1C886CE900EF95C1 /* Preset.swift in Sources */ = {isa = PBXBuildFile; fileRef = 8FB9544A1C886CE800EF95C1 /* Preset.swift */; };
		8FB9544D1C8871A400EF95C1 /* Timer.swift in Sources */ = {isa = PBXBuildFile; fileRef = 8FB9544C1C8871A400EF95C1 /* Timer.swift */; };
		8FCF2EF81C906CDA001BCB0C /* Constants.swift in Sources */ = {isa = PBXBuildFile; fileRef = 8FCF2EF71C906CDA001BCB0C /* Constants.swift */; };
		8FF021CA1CC41DC900E5DDE0 /* DDHTimerControl.m in Sources */ = {isa = PBXBuildFile; fileRef = 8FF021C91CC41DC900E5DDE0 /* DDHTimerControl.m */; };
		8FF021CF1CC5169000E5DDE0 /* TabBarController.swift in Sources */ = {isa = PBXBuildFile; fileRef = 8FF021CE1CC5169000E5DDE0 /* TabBarController.swift */; };
/* End PBXBuildFile section */

/* Begin PBXContainerItemProxy section */
		8FB953C41C861EC400EF95C1 /* PBXContainerItemProxy */ = {
			isa = PBXContainerItemProxy;
			containerPortal = 8FB953A51C861EC400EF95C1 /* Project object */;
			proxyType = 1;
			remoteGlobalIDString = 8FB953AC1C861EC400EF95C1;
			remoteInfo = Timer;
		};
/* End PBXContainerItemProxy section */

/* Begin PBXFileReference section */
		8F36EDE31CC41A9B00F0FD7A /* Timer-Bridging-Header.h */ = {isa = PBXFileReference; lastKnownFileType = sourcecode.c.h; path = "Timer-Bridging-Header.h"; sourceTree = "<group>"; };
		8F41E0DB1CC3D2C6005BD00A /* TimerCell.swift */ = {isa = PBXFileReference; fileEncoding = 4; lastKnownFileType = sourcecode.swift; path = TimerCell.swift; sourceTree = "<group>"; };
		8F41E0DE1CC40D8E005BD00A /* CoundownViewController.swift */ = {isa = PBXFileReference; fileEncoding = 4; lastKnownFileType = sourcecode.swift; path = CoundownViewController.swift; sourceTree = "<group>"; };
		8FB953AD1C861EC400EF95C1 /* Timer.app */ = {isa = PBXFileReference; explicitFileType = wrapper.application; includeInIndex = 0; path = Timer.app; sourceTree = BUILT_PRODUCTS_DIR; };
		8FB953B01C861EC400EF95C1 /* AppDelegate.swift */ = {isa = PBXFileReference; lastKnownFileType = sourcecode.swift; path = AppDelegate.swift; sourceTree = "<group>"; };
		8FB953B21C861EC400EF95C1 /* StopWatchViewController.swift */ = {isa = PBXFileReference; lastKnownFileType = sourcecode.swift; path = StopWatchViewController.swift; sourceTree = "<group>"; };
		8FB953B41C861EC400EF95C1 /* AMRAPViewContoller.swift */ = {isa = PBXFileReference; lastKnownFileType = sourcecode.swift; path = AMRAPViewContoller.swift; sourceTree = "<group>"; };
		8FB953B71C861EC400EF95C1 /* Base */ = {isa = PBXFileReference; lastKnownFileType = file.storyboard; name = Base; path = Base.lproj/Main.storyboard; sourceTree = "<group>"; };
		8FB953B91C861EC400EF95C1 /* Assets.xcassets */ = {isa = PBXFileReference; lastKnownFileType = folder.assetcatalog; path = Assets.xcassets; sourceTree = "<group>"; };
		8FB953BC1C861EC400EF95C1 /* Base */ = {isa = PBXFileReference; lastKnownFileType = file.storyboard; name = Base; path = Base.lproj/LaunchScreen.storyboard; sourceTree = "<group>"; };
		8FB953BE1C861EC400EF95C1 /* Info.plist */ = {isa = PBXFileReference; lastKnownFileType = text.plist.xml; path = Info.plist; sourceTree = "<group>"; };
		8FB953C31C861EC400EF95C1 /* TimerTests.xctest */ = {isa = PBXFileReference; explicitFileType = wrapper.cfbundle; includeInIndex = 0; path = TimerTests.xctest; sourceTree = BUILT_PRODUCTS_DIR; };
		8FB953C71C861EC400EF95C1 /* TimerTests.swift */ = {isa = PBXFileReference; lastKnownFileType = sourcecode.swift; path = TimerTests.swift; sourceTree = "<group>"; };
		8FB953C91C861EC400EF95C1 /* Info.plist */ = {isa = PBXFileReference; lastKnownFileType = text.plist.xml; path = Info.plist; sourceTree = "<group>"; };
		8FB953D21C8620D600EF95C1 /* TabataViewController.swift */ = {isa = PBXFileReference; fileEncoding = 4; lastKnownFileType = sourcecode.swift; path = TabataViewController.swift; sourceTree = "<group>"; };
		8FB953D41C8620F500EF95C1 /* SettingsViewController.swift */ = {isa = PBXFileReference; fileEncoding = 4; lastKnownFileType = sourcecode.swift; path = SettingsViewController.swift; sourceTree = "<group>"; };
		8FB953DC1C8628EE00EF95C1 /* TimerConfigViewController.swift */ = {isa = PBXFileReference; fileEncoding = 4; lastKnownFileType = sourcecode.swift; path = TimerConfigViewController.swift; sourceTree = "<group>"; };
		8FB953E11C86364C00EF95C1 /* PickerViewController.swift */ = {isa = PBXFileReference; fileEncoding = 4; lastKnownFileType = sourcecode.swift; path = PickerViewController.swift; sourceTree = "<group>"; };
		8FB954461C87858700EF95C1 /* Utilites.swift */ = {isa = PBXFileReference; fileEncoding = 4; lastKnownFileType = sourcecode.swift; path = Utilites.swift; sourceTree = "<group>"; };
		8FB954481C8785A200EF95C1 /* TimePickerView.swift */ = {isa = PBXFileReference; fileEncoding = 4; lastKnownFileType = sourcecode.swift; path = TimePickerView.swift; sourceTree = "<group>"; };
		8FB9544A1C886CE800EF95C1 /* Preset.swift */ = {isa = PBXFileReference; fileEncoding = 4; lastKnownFileType = sourcecode.swift; path = Preset.swift; sourceTree = "<group>"; };
		8FB9544C1C8871A400EF95C1 /* Timer.swift */ = {isa = PBXFileReference; fileEncoding = 4; lastKnownFileType = sourcecode.swift; path = Timer.swift; sourceTree = "<group>"; };
		8FCF2EF71C906CDA001BCB0C /* Constants.swift */ = {isa = PBXFileReference; fileEncoding = 4; lastKnownFileType = sourcecode.swift; path = Constants.swift; sourceTree = "<group>"; };
		8FF021C81CC41DC900E5DDE0 /* DDHTimerControl.h */ = {isa = PBXFileReference; fileEncoding = 4; lastKnownFileType = sourcecode.c.h; path = DDHTimerControl.h; sourceTree = "<group>"; };
		8FF021C91CC41DC900E5DDE0 /* DDHTimerControl.m */ = {isa = PBXFileReference; fileEncoding = 4; lastKnownFileType = sourcecode.c.objc; path = DDHTimerControl.m; sourceTree = "<group>"; };
		8FF021CE1CC5169000E5DDE0 /* TabBarController.swift */ = {isa = PBXFileReference; fileEncoding = 4; lastKnownFileType = sourcecode.swift; path = TabBarController.swift; sourceTree = "<group>"; };
		B351FE283B529C6A579E5DD3 /* Pods-Timer.debug.xcconfig */ = {isa = PBXFileReference; includeInIndex = 1; lastKnownFileType = text.xcconfig; name = "Pods-Timer.debug.xcconfig"; path = "Pods/Target Support Files/Pods-Timer/Pods-Timer.debug.xcconfig"; sourceTree = "<group>"; };
		E3E847F59F1D95A4D13DDD32 /* Pods_Timer.framework */ = {isa = PBXFileReference; explicitFileType = wrapper.framework; includeInIndex = 0; path = Pods_Timer.framework; sourceTree = BUILT_PRODUCTS_DIR; };
		EBD7DEF1964F432D3B3A5A07 /* Pods-Timer.release.xcconfig */ = {isa = PBXFileReference; includeInIndex = 1; lastKnownFileType = text.xcconfig; name = "Pods-Timer.release.xcconfig"; path = "Pods/Target Support Files/Pods-Timer/Pods-Timer.release.xcconfig"; sourceTree = "<group>"; };
/* End PBXFileReference section */

/* Begin PBXFrameworksBuildPhase section */
		8FB953AA1C861EC400EF95C1 /* Frameworks */ = {
			isa = PBXFrameworksBuildPhase;
			buildActionMask = 2147483647;
			files = (
				2348F581E95DEDA7D7F75D04 /* Pods_Timer.framework in Frameworks */,
			);
			runOnlyForDeploymentPostprocessing = 0;
		};
		8FB953C01C861EC400EF95C1 /* Frameworks */ = {
			isa = PBXFrameworksBuildPhase;
			buildActionMask = 2147483647;
			files = (
			);
			runOnlyForDeploymentPostprocessing = 0;
		};
/* End PBXFrameworksBuildPhase section */

/* Begin PBXGroup section */
		24BDA7FBF95605E7BCCDD654 /* Frameworks */ = {
			isa = PBXGroup;
			children = (
				E3E847F59F1D95A4D13DDD32 /* Pods_Timer.framework */,
			);
			name = Frameworks;
			sourceTree = "<group>";
		};
		6D72B72E7EC7EC2F7E52F4E6 /* Pods */ = {
			isa = PBXGroup;
			children = (
				B351FE283B529C6A579E5DD3 /* Pods-Timer.debug.xcconfig */,
				EBD7DEF1964F432D3B3A5A07 /* Pods-Timer.release.xcconfig */,
			);
			name = Pods;
			sourceTree = "<group>";
		};
		8F41E0DD1CC3D2ED005BD00A /* Cells */ = {
			isa = PBXGroup;
			children = (
				8F41E0DB1CC3D2C6005BD00A /* TimerCell.swift */,
			);
			name = Cells;
			sourceTree = "<group>";
		};
		8FB953A41C861EC400EF95C1 = {
			isa = PBXGroup;
			children = (
				8FB953AF1C861EC400EF95C1 /* Timer */,
				8FB953C61C861EC400EF95C1 /* TimerTests */,
				8FB953AE1C861EC400EF95C1 /* Products */,
				6D72B72E7EC7EC2F7E52F4E6 /* Pods */,
				24BDA7FBF95605E7BCCDD654 /* Frameworks */,
			);
			sourceTree = "<group>";
		};
		8FB953AE1C861EC400EF95C1 /* Products */ = {
			isa = PBXGroup;
			children = (
				8FB953AD1C861EC400EF95C1 /* Timer.app */,
				8FB953C31C861EC400EF95C1 /* TimerTests.xctest */,
			);
			name = Products;
			sourceTree = "<group>";
		};
		8FB953AF1C861EC400EF95C1 /* Timer */ = {
			isa = PBXGroup;
			children = (
				8FB953B01C861EC400EF95C1 /* AppDelegate.swift */,
				8FF021C71CC41DC900E5DDE0 /* 3rdPart */,
				8FB953DE1C862AB100EF95C1 /* Controllers */,
				8F41E0DD1CC3D2ED005BD00A /* Cells */,
				8FCF2EF91C906CEE001BCB0C /* Data */,
				8FB954451C87858700EF95C1 /* Utilites */,
				8FB953B91C861EC400EF95C1 /* Assets.xcassets */,
				8FB953B61C861EC400EF95C1 /* Main.storyboard */,
				8FB953BB1C861EC400EF95C1 /* LaunchScreen.storyboard */,
				8FB953BE1C861EC400EF95C1 /* Info.plist */,
				8F36EDE31CC41A9B00F0FD7A /* Timer-Bridging-Header.h */,
			);
			path = Timer;
			sourceTree = "<group>";
		};
		8FB953C61C861EC400EF95C1 /* TimerTests */ = {
			isa = PBXGroup;
			children = (
				8FB953C71C861EC400EF95C1 /* TimerTests.swift */,
				8FB953C91C861EC400EF95C1 /* Info.plist */,
			);
			path = TimerTests;
			sourceTree = "<group>";
		};
		8FB953DE1C862AB100EF95C1 /* Controllers */ = {
			isa = PBXGroup;
			children = (
				8FB9544E1C887FE800EF95C1 /* Timer */,
				8FB953E11C86364C00EF95C1 /* PickerViewController.swift */,
				8FB953D41C8620F500EF95C1 /* SettingsViewController.swift */,
				8F41E0DE1CC40D8E005BD00A /* CoundownViewController.swift */,
				8FF021CE1CC5169000E5DDE0 /* TabBarController.swift */,
			);
			name = Controllers;
			sourceTree = "<group>";
		};
		8FB954451C87858700EF95C1 /* Utilites */ = {
			isa = PBXGroup;
			children = (
				8FB954461C87858700EF95C1 /* Utilites.swift */,
				8FB954481C8785A200EF95C1 /* TimePickerView.swift */,
			);
			path = Utilites;
			sourceTree = "<group>";
		};
		8FB9544E1C887FE800EF95C1 /* Timer */ = {
			isa = PBXGroup;
			children = (
				8FB953DC1C8628EE00EF95C1 /* TimerConfigViewController.swift */,
				8FB953B21C861EC400EF95C1 /* StopWatchViewController.swift */,
				8FB953D21C8620D600EF95C1 /* TabataViewController.swift */,
				8FB953B41C861EC400EF95C1 /* AMRAPViewContoller.swift */,
			);
			name = Timer;
			sourceTree = "<group>";
		};
		8FCF2EF91C906CEE001BCB0C /* Data */ = {
			isa = PBXGroup;
			children = (
				8FB9544A1C886CE800EF95C1 /* Preset.swift */,
				8FCF2EF71C906CDA001BCB0C /* Constants.swift */,
				8FB9544C1C8871A400EF95C1 /* Timer.swift */,
			);
			name = Data;
			sourceTree = "<group>";
		};
		8FF021C71CC41DC900E5DDE0 /* 3rdPart */ = {
			isa = PBXGroup;
			children = (
				8FF021C81CC41DC900E5DDE0 /* DDHTimerControl.h */,
				8FF021C91CC41DC900E5DDE0 /* DDHTimerControl.m */,
			);
			path = 3rdPart;
			sourceTree = "<group>";
		};
/* End PBXGroup section */

/* Begin PBXNativeTarget section */
		8FB953AC1C861EC400EF95C1 /* Timer */ = {
			isa = PBXNativeTarget;
			buildConfigurationList = 8FB953CC1C861EC400EF95C1 /* Build configuration list for PBXNativeTarget "Timer" */;
			buildPhases = (
				C694505A5BFB13FD4F597E5A /* Check Pods Manifest.lock */,
				8FB953A91C861EC400EF95C1 /* Sources */,
				8FB953AA1C861EC400EF95C1 /* Frameworks */,
				8FB953AB1C861EC400EF95C1 /* Resources */,
				C53A6CC1AF2C0D51FF3A5BC0 /* Embed Pods Frameworks */,
				9CD2CD86F6FF461A3319B656 /* Copy Pods Resources */,
			);
			buildRules = (
			);
			dependencies = (
			);
			name = Timer;
			productName = Timer;
			productReference = 8FB953AD1C861EC400EF95C1 /* Timer.app */;
			productType = "com.apple.product-type.application";
		};
		8FB953C21C861EC400EF95C1 /* TimerTests */ = {
			isa = PBXNativeTarget;
			buildConfigurationList = 8FB953CF1C861EC400EF95C1 /* Build configuration list for PBXNativeTarget "TimerTests" */;
			buildPhases = (
				8FB953BF1C861EC400EF95C1 /* Sources */,
				8FB953C01C861EC400EF95C1 /* Frameworks */,
				8FB953C11C861EC400EF95C1 /* Resources */,
			);
			buildRules = (
			);
			dependencies = (
				8FB953C51C861EC400EF95C1 /* PBXTargetDependency */,
			);
			name = TimerTests;
			productName = TimerTests;
			productReference = 8FB953C31C861EC400EF95C1 /* TimerTests.xctest */;
			productType = "com.apple.product-type.bundle.unit-test";
		};
/* End PBXNativeTarget section */

/* Begin PBXProject section */
		8FB953A51C861EC400EF95C1 /* Project object */ = {
			isa = PBXProject;
			attributes = {
				LastSwiftUpdateCheck = 0730;
				LastUpgradeCheck = 0720;
				ORGANIZATIONNAME = Home;
				TargetAttributes = {
					8FB953AC1C861EC400EF95C1 = {
						CreatedOnToolsVersion = 7.2.1;
						DevelopmentTeam = CHQZVY32S2;
					};
					8FB953C21C861EC400EF95C1 = {
						CreatedOnToolsVersion = 7.2.1;
						TestTargetID = 8FB953AC1C861EC400EF95C1;
					};
				};
			};
			buildConfigurationList = 8FB953A81C861EC400EF95C1 /* Build configuration list for PBXProject "Timer" */;
			compatibilityVersion = "Xcode 3.2";
			developmentRegion = English;
			hasScannedForEncodings = 0;
			knownRegions = (
				en,
				Base,
			);
			mainGroup = 8FB953A41C861EC400EF95C1;
			productRefGroup = 8FB953AE1C861EC400EF95C1 /* Products */;
			projectDirPath = "";
			projectRoot = "";
			targets = (
				8FB953AC1C861EC400EF95C1 /* Timer */,
				8FB953C21C861EC400EF95C1 /* TimerTests */,
			);
		};
/* End PBXProject section */

/* Begin PBXResourcesBuildPhase section */
		8FB953AB1C861EC400EF95C1 /* Resources */ = {
			isa = PBXResourcesBuildPhase;
			buildActionMask = 2147483647;
			files = (
				8FB953BD1C861EC400EF95C1 /* LaunchScreen.storyboard in Resources */,
				8FB953BA1C861EC400EF95C1 /* Assets.xcassets in Resources */,
				8FB953B81C861EC400EF95C1 /* Main.storyboard in Resources */,
			);
			runOnlyForDeploymentPostprocessing = 0;
		};
		8FB953C11C861EC400EF95C1 /* Resources */ = {
			isa = PBXResourcesBuildPhase;
			buildActionMask = 2147483647;
			files = (
			);
			runOnlyForDeploymentPostprocessing = 0;
		};
/* End PBXResourcesBuildPhase section */

/* Begin PBXShellScriptBuildPhase section */
		9CD2CD86F6FF461A3319B656 /* Copy Pods Resources */ = {
			isa = PBXShellScriptBuildPhase;
			buildActionMask = 2147483647;
			files = (
			);
			inputPaths = (
			);
			name = "Copy Pods Resources";
			outputPaths = (
			);
			runOnlyForDeploymentPostprocessing = 0;
			shellPath = /bin/sh;
			shellScript = "\"${SRCROOT}/Pods/Target Support Files/Pods-Timer/Pods-Timer-resources.sh\"\n";
			showEnvVarsInLog = 0;
		};
		C53A6CC1AF2C0D51FF3A5BC0 /* Embed Pods Frameworks */ = {
			isa = PBXShellScriptBuildPhase;
			buildActionMask = 2147483647;
			files = (
			);
			inputPaths = (
			);
			name = "Embed Pods Frameworks";
			outputPaths = (
			);
			runOnlyForDeploymentPostprocessing = 0;
			shellPath = /bin/sh;
			shellScript = "\"${SRCROOT}/Pods/Target Support Files/Pods-Timer/Pods-Timer-frameworks.sh\"\n";
			showEnvVarsInLog = 0;
		};
		C694505A5BFB13FD4F597E5A /* Check Pods Manifest.lock */ = {
			isa = PBXShellScriptBuildPhase;
			buildActionMask = 2147483647;
			files = (
			);
			inputPaths = (
			);
			name = "Check Pods Manifest.lock";
			outputPaths = (
			);
			runOnlyForDeploymentPostprocessing = 0;
			shellPath = /bin/sh;
			shellScript = "diff \"${PODS_ROOT}/../Podfile.lock\" \"${PODS_ROOT}/Manifest.lock\" > /dev/null\nif [[ $? != 0 ]] ; then\n    cat << EOM\nerror: The sandbox is not in sync with the Podfile.lock. Run 'pod install' or update your CocoaPods installation.\nEOM\n    exit 1\nfi\n";
			showEnvVarsInLog = 0;
		};
/* End PBXShellScriptBuildPhase section */

/* Begin PBXSourcesBuildPhase section */
		8FB953A91C861EC400EF95C1 /* Sources */ = {
			isa = PBXSourcesBuildPhase;
			buildActionMask = 2147483647;
			files = (
				8FB953B51C861EC400EF95C1 /* AMRAPViewContoller.swift in Sources */,
				8FF021CF1CC5169000E5DDE0 /* TabBarController.swift in Sources */,
				8FB954471C87858700EF95C1 /* Utilites.swift in Sources */,
				8FB953D31C8620D600EF95C1 /* TabataViewController.swift in Sources */,
				8FB9544D1C8871A400EF95C1 /* Timer.swift in Sources */,
				8FB954491C8785A200EF95C1 /* TimePickerView.swift in Sources */,
				8FF021CA1CC41DC900E5DDE0 /* DDHTimerControl.m in Sources */,
				8F41E0DF1CC40D8E005BD00A /* CoundownViewController.swift in Sources */,
				8FB953B11C861EC400EF95C1 /* AppDelegate.swift in Sources */,
				8FB953E21C86364C00EF95C1 /* PickerViewController.swift in Sources */,
				8F41E0DC1CC3D2C6005BD00A /* TimerCell.swift in Sources */,
				8FCF2EF81C906CDA001BCB0C /* Constants.swift in Sources */,
				8FB953D51C8620F500EF95C1 /* SettingsViewController.swift in Sources */,
				8FB9544B1C886CE900EF95C1 /* Preset.swift in Sources */,
				8FB953DD1C8628EE00EF95C1 /* TimerConfigViewController.swift in Sources */,
				8FB953B31C861EC400EF95C1 /* StopWatchViewController.swift in Sources */,
			);
			runOnlyForDeploymentPostprocessing = 0;
		};
		8FB953BF1C861EC400EF95C1 /* Sources */ = {
			isa = PBXSourcesBuildPhase;
			buildActionMask = 2147483647;
			files = (
				8FB953C81C861EC400EF95C1 /* TimerTests.swift in Sources */,
			);
			runOnlyForDeploymentPostprocessing = 0;
		};
/* End PBXSourcesBuildPhase section */

/* Begin PBXTargetDependency section */
		8FB953C51C861EC400EF95C1 /* PBXTargetDependency */ = {
			isa = PBXTargetDependency;
			target = 8FB953AC1C861EC400EF95C1 /* Timer */;
			targetProxy = 8FB953C41C861EC400EF95C1 /* PBXContainerItemProxy */;
		};
/* End PBXTargetDependency section */

/* Begin PBXVariantGroup section */
		8FB953B61C861EC400EF95C1 /* Main.storyboard */ = {
			isa = PBXVariantGroup;
			children = (
				8FB953B71C861EC400EF95C1 /* Base */,
			);
			name = Main.storyboard;
			sourceTree = "<group>";
		};
		8FB953BB1C861EC400EF95C1 /* LaunchScreen.storyboard */ = {
			isa = PBXVariantGroup;
			children = (
				8FB953BC1C861EC400EF95C1 /* Base */,
			);
			name = LaunchScreen.storyboard;
			sourceTree = "<group>";
		};
/* End PBXVariantGroup section */

/* Begin XCBuildConfiguration section */
		8FB953CA1C861EC400EF95C1 /* Debug */ = {
			isa = XCBuildConfiguration;
			buildSettings = {
				ALWAYS_SEARCH_USER_PATHS = NO;
				CLANG_CXX_LANGUAGE_STANDARD = "gnu++0x";
				CLANG_CXX_LIBRARY = "libc++";
				CLANG_ENABLE_MODULES = YES;
				CLANG_ENABLE_OBJC_ARC = YES;
				CLANG_WARN_BOOL_CONVERSION = YES;
				CLANG_WARN_CONSTANT_CONVERSION = YES;
				CLANG_WARN_DIRECT_OBJC_ISA_USAGE = YES_ERROR;
				CLANG_WARN_EMPTY_BODY = YES;
				CLANG_WARN_ENUM_CONVERSION = YES;
				CLANG_WARN_INT_CONVERSION = YES;
				CLANG_WARN_OBJC_ROOT_CLASS = YES_ERROR;
				CLANG_WARN_UNREACHABLE_CODE = YES;
				CLANG_WARN__DUPLICATE_METHOD_MATCH = YES;
				"CODE_SIGN_IDENTITY[sdk=iphoneos*]" = "iPhone Developer";
				COPY_PHASE_STRIP = NO;
				DEBUG_INFORMATION_FORMAT = dwarf;
				ENABLE_STRICT_OBJC_MSGSEND = YES;
				ENABLE_TESTABILITY = YES;
				GCC_C_LANGUAGE_STANDARD = gnu99;
				GCC_DYNAMIC_NO_PIC = NO;
				GCC_NO_COMMON_BLOCKS = YES;
				GCC_OPTIMIZATION_LEVEL = 0;
				GCC_PREPROCESSOR_DEFINITIONS = (
					"DEBUG=1",
					"$(inherited)",
				);
				GCC_WARN_64_TO_32_BIT_CONVERSION = YES;
				GCC_WARN_ABOUT_RETURN_TYPE = YES_ERROR;
				GCC_WARN_UNDECLARED_SELECTOR = YES;
				GCC_WARN_UNINITIALIZED_AUTOS = YES_AGGRESSIVE;
				GCC_WARN_UNUSED_FUNCTION = YES;
				GCC_WARN_UNUSED_VARIABLE = YES;
				IPHONEOS_DEPLOYMENT_TARGET = 9.2;
				MTL_ENABLE_DEBUG_INFO = YES;
				ONLY_ACTIVE_ARCH = YES;
				SDKROOT = iphoneos;
				SWIFT_OPTIMIZATION_LEVEL = "-Onone";
			};
			name = Debug;
		};
		8FB953CB1C861EC400EF95C1 /* Release */ = {
			isa = XCBuildConfiguration;
			buildSettings = {
				ALWAYS_SEARCH_USER_PATHS = NO;
				CLANG_CXX_LANGUAGE_STANDARD = "gnu++0x";
				CLANG_CXX_LIBRARY = "libc++";
				CLANG_ENABLE_MODULES = YES;
				CLANG_ENABLE_OBJC_ARC = YES;
				CLANG_WARN_BOOL_CONVERSION = YES;
				CLANG_WARN_CONSTANT_CONVERSION = YES;
				CLANG_WARN_DIRECT_OBJC_ISA_USAGE = YES_ERROR;
				CLANG_WARN_EMPTY_BODY = YES;
				CLANG_WARN_ENUM_CONVERSION = YES;
				CLANG_WARN_INT_CONVERSION = YES;
				CLANG_WARN_OBJC_ROOT_CLASS = YES_ERROR;
				CLANG_WARN_UNREACHABLE_CODE = YES;
				CLANG_WARN__DUPLICATE_METHOD_MATCH = YES;
				"CODE_SIGN_IDENTITY[sdk=iphoneos*]" = "iPhone Developer";
				COPY_PHASE_STRIP = NO;
				DEBUG_INFORMATION_FORMAT = "dwarf-with-dsym";
				ENABLE_NS_ASSERTIONS = NO;
				ENABLE_STRICT_OBJC_MSGSEND = YES;
				GCC_C_LANGUAGE_STANDARD = gnu99;
				GCC_NO_COMMON_BLOCKS = YES;
				GCC_WARN_64_TO_32_BIT_CONVERSION = YES;
				GCC_WARN_ABOUT_RETURN_TYPE = YES_ERROR;
				GCC_WARN_UNDECLARED_SELECTOR = YES;
				GCC_WARN_UNINITIALIZED_AUTOS = YES_AGGRESSIVE;
				GCC_WARN_UNUSED_FUNCTION = YES;
				GCC_WARN_UNUSED_VARIABLE = YES;
				IPHONEOS_DEPLOYMENT_TARGET = 9.2;
				MTL_ENABLE_DEBUG_INFO = NO;
				SDKROOT = iphoneos;
				VALIDATE_PRODUCT = YES;
			};
			name = Release;
		};
		8FB953CD1C861EC400EF95C1 /* Debug */ = {
			isa = XCBuildConfiguration;
			baseConfigurationReference = B351FE283B529C6A579E5DD3 /* Pods-Timer.debug.xcconfig */;
			buildSettings = {
				ASSETCATALOG_COMPILER_APPICON_NAME = AppIcon;
				CLANG_ENABLE_MODULES = YES;
				CODE_SIGN_IDENTITY = "iPhone Developer";
				INFOPLIST_FILE = Timer/Info.plist;
				IPHONEOS_DEPLOYMENT_TARGET = 9.0;
				LD_RUNPATH_SEARCH_PATHS = "$(inherited) @executable_path/Frameworks";
				PRODUCT_BUNDLE_IDENTIFIER = com.acadom.timer;
				PRODUCT_NAME = "$(TARGET_NAME)";
				SWIFT_OBJC_BRIDGING_HEADER = "Timer/Timer-Bridging-Header.h";
				SWIFT_OPTIMIZATION_LEVEL = "-Onone";
			};
			name = Debug;
		};
		8FB953CE1C861EC400EF95C1 /* Release */ = {
			isa = XCBuildConfiguration;
			baseConfigurationReference = EBD7DEF1964F432D3B3A5A07 /* Pods-Timer.release.xcconfig */;
			buildSettings = {
				ASSETCATALOG_COMPILER_APPICON_NAME = AppIcon;
				CLANG_ENABLE_MODULES = YES;
				CODE_SIGN_IDENTITY = "iPhone Developer";
				INFOPLIST_FILE = Timer/Info.plist;
				IPHONEOS_DEPLOYMENT_TARGET = 9.0;
				LD_RUNPATH_SEARCH_PATHS = "$(inherited) @executable_path/Frameworks";
				PRODUCT_BUNDLE_IDENTIFIER = com.acadom.timer;
				PRODUCT_NAME = "$(TARGET_NAME)";
				SWIFT_OBJC_BRIDGING_HEADER = "Timer/Timer-Bridging-Header.h";
			};
			name = Release;
		};
		8FB953D01C861EC400EF95C1 /* Debug */ = {
			isa = XCBuildConfiguration;
			buildSettings = {
				BUNDLE_LOADER = "$(TEST_HOST)";
				INFOPLIST_FILE = TimerTests/Info.plist;
				LD_RUNPATH_SEARCH_PATHS = "$(inherited) @executable_path/Frameworks @loader_path/Frameworks";
				PRODUCT_BUNDLE_IDENTIFIER = com.home.TimerTests;
				PRODUCT_NAME = "$(TARGET_NAME)";
				TEST_HOST = "$(BUILT_PRODUCTS_DIR)/Timer.app/Timer";
			};
			name = Debug;
		};
		8FB953D11C861EC400EF95C1 /* Release */ = {
			isa = XCBuildConfiguration;
			buildSettings = {
				BUNDLE_LOADER = "$(TEST_HOST)";
				INFOPLIST_FILE = TimerTests/Info.plist;
				LD_RUNPATH_SEARCH_PATHS = "$(inherited) @executable_path/Frameworks @loader_path/Frameworks";
				PRODUCT_BUNDLE_IDENTIFIER = com.home.TimerTests;
				PRODUCT_NAME = "$(TARGET_NAME)";
				TEST_HOST = "$(BUILT_PRODUCTS_DIR)/Timer.app/Timer";
			};
			name = Release;
		};
/* End XCBuildConfiguration section */

/* Begin XCConfigurationList section */
		8FB953A81C861EC400EF95C1 /* Build configuration list for PBXProject "Timer" */ = {
			isa = XCConfigurationList;
			buildConfigurations = (
				8FB953CA1C861EC400EF95C1 /* Debug */,
				8FB953CB1C861EC400EF95C1 /* Release */,
			);
			defaultConfigurationIsVisible = 0;
			defaultConfigurationName = Release;
		};
		8FB953CC1C861EC400EF95C1 /* Build configuration list for PBXNativeTarget "Timer" */ = {
			isa = XCConfigurationList;
			buildConfigurations = (
				8FB953CD1C861EC400EF95C1 /* Debug */,
				8FB953CE1C861EC400EF95C1 /* Release */,
			);
			defaultConfigurationIsVisible = 0;
			defaultConfigurationName = Release;
		};
		8FB953CF1C861EC400EF95C1 /* Build configuration list for PBXNativeTarget "TimerTests" */ = {
			isa = XCConfigurationList;
			buildConfigurations = (
				8FB953D01C861EC400EF95C1 /* Debug */,
				8FB953D11C861EC400EF95C1 /* Release */,
			);
			defaultConfigurationIsVisible = 0;
			defaultConfigurationName = Release;
		};
/* End XCConfigurationList section */
	};
	rootObject = 8FB953A51C861EC400EF95C1 /* Project object */;
}
